
Microsoft Visual Studio Solution File, Format Version 12.00
# Visual Studio 15
VisualStudioVersion = 15.0.25807.0
MinimumVisualStudioVersion = 10.0.40219.1
Project("{2150E333-8FDC-42A3-9474-1A3956D46DE8}") = "Engine", "Engine", "{2F571FB3-44B3-48F5-A533-210E12624B8C}"
EndProject
Project("{2150E333-8FDC-42A3-9474-1A3956D46DE8}") = "Games", "Games", "{5425CCFD-C8F8-4027-B838-8193273A12DA}"
EndProject
Project("{8BC9CEB8-8B4A-11D0-8D11-00A0C91BC942}") = "UE4", "Intermediate\ProjectFiles\UE4.vcxproj", "{6CBD16DC-0ECC-46F7-9293-8415B393CF7D}"
EndProject
Project("{8BC9CEB8-8B4A-11D0-8D11-00A0C91BC942}") = "Hex", "Intermediate\ProjectFiles\Hex.vcxproj", "{321EC297-5494-4521-8252-B98B722D014E}"
EndProject
Global
	GlobalSection(SolutionConfigurationPlatforms) = preSolution
		DebugGame Editor|HTML5 = DebugGame Editor|HTML5
		DebugGame Editor|Win32 = DebugGame Editor|Win32
		DebugGame Editor|Win64 = DebugGame Editor|Win64
		DebugGame|HTML5 = DebugGame|HTML5
		DebugGame|Win32 = DebugGame|Win32
		DebugGame|Win64 = DebugGame|Win64
		Development Editor|HTML5 = Development Editor|HTML5
		Development Editor|Win32 = Development Editor|Win32
		Development Editor|Win64 = Development Editor|Win64
		Development|HTML5 = Development|HTML5
		Development|Win32 = Development|Win32
		Development|Win64 = Development|Win64
		Shipping|HTML5 = Shipping|HTML5
		Shipping|Win32 = Shipping|Win32
		Shipping|Win64 = Shipping|Win64
	EndGlobalSection
	GlobalSection(ProjectConfigurationPlatforms) = postSolution
		{6CBD16DC-0ECC-46F7-9293-8415B393CF7D}.DebugGame Editor|HTML5.ActiveCfg = BuiltWithUnrealBuildTool|Win32
		{6CBD16DC-0ECC-46F7-9293-8415B393CF7D}.DebugGame Editor|HTML5.Build.0 = BuiltWithUnrealBuildTool|Win32
		{6CBD16DC-0ECC-46F7-9293-8415B393CF7D}.DebugGame Editor|Win32.ActiveCfg = BuiltWithUnrealBuildTool|Win32
		{6CBD16DC-0ECC-46F7-9293-8415B393CF7D}.DebugGame Editor|Win32.Build.0 = BuiltWithUnrealBuildTool|Win32
		{6CBD16DC-0ECC-46F7-9293-8415B393CF7D}.DebugGame Editor|Win64.ActiveCfg = BuiltWithUnrealBuildTool|Win32
		{6CBD16DC-0ECC-46F7-9293-8415B393CF7D}.DebugGame Editor|Win64.Build.0 = BuiltWithUnrealBuildTool|Win32
		{6CBD16DC-0ECC-46F7-9293-8415B393CF7D}.DebugGame|HTML5.ActiveCfg = BuiltWithUnrealBuildTool|Win32
		{6CBD16DC-0ECC-46F7-9293-8415B393CF7D}.DebugGame|HTML5.Build.0 = BuiltWithUnrealBuildTool|Win32
		{6CBD16DC-0ECC-46F7-9293-8415B393CF7D}.DebugGame|Win32.ActiveCfg = BuiltWithUnrealBuildTool|Win32
		{6CBD16DC-0ECC-46F7-9293-8415B393CF7D}.DebugGame|Win32.Build.0 = BuiltWithUnrealBuildTool|Win32
		{6CBD16DC-0ECC-46F7-9293-8415B393CF7D}.DebugGame|Win64.ActiveCfg = BuiltWithUnrealBuildTool|Win32
		{6CBD16DC-0ECC-46F7-9293-8415B393CF7D}.DebugGame|Win64.Build.0 = BuiltWithUnrealBuildTool|Win32
		{6CBD16DC-0ECC-46F7-9293-8415B393CF7D}.Development Editor|HTML5.ActiveCfg = BuiltWithUnrealBuildTool|Win32
		{6CBD16DC-0ECC-46F7-9293-8415B393CF7D}.Development Editor|HTML5.Build.0 = BuiltWithUnrealBuildTool|Win32
		{6CBD16DC-0ECC-46F7-9293-8415B393CF7D}.Development Editor|Win32.ActiveCfg = BuiltWithUnrealBuildTool|Win32
		{6CBD16DC-0ECC-46F7-9293-8415B393CF7D}.Development Editor|Win32.Build.0 = BuiltWithUnrealBuildTool|Win32
		{6CBD16DC-0ECC-46F7-9293-8415B393CF7D}.Development Editor|Win64.ActiveCfg = BuiltWithUnrealBuildTool|Win32
		{6CBD16DC-0ECC-46F7-9293-8415B393CF7D}.Development Editor|Win64.Build.0 = BuiltWithUnrealBuildTool|Win32
		{6CBD16DC-0ECC-46F7-9293-8415B393CF7D}.Development|HTML5.ActiveCfg = BuiltWithUnrealBuildTool|Win32
		{6CBD16DC-0ECC-46F7-9293-8415B393CF7D}.Development|HTML5.Build.0 = BuiltWithUnrealBuildTool|Win32
		{6CBD16DC-0ECC-46F7-9293-8415B393CF7D}.Development|Win32.ActiveCfg = BuiltWithUnrealBuildTool|Win32
		{6CBD16DC-0ECC-46F7-9293-8415B393CF7D}.Development|Win32.Build.0 = BuiltWithUnrealBuildTool|Win32
		{6CBD16DC-0ECC-46F7-9293-8415B393CF7D}.Development|Win64.ActiveCfg = BuiltWithUnrealBuildTool|Win32
		{6CBD16DC-0ECC-46F7-9293-8415B393CF7D}.Development|Win64.Build.0 = BuiltWithUnrealBuildTool|Win32
		{6CBD16DC-0ECC-46F7-9293-8415B393CF7D}.Shipping|HTML5.ActiveCfg = BuiltWithUnrealBuildTool|Win32
		{6CBD16DC-0ECC-46F7-9293-8415B393CF7D}.Shipping|HTML5.Build.0 = BuiltWithUnrealBuildTool|Win32
		{6CBD16DC-0ECC-46F7-9293-8415B393CF7D}.Shipping|Win32.ActiveCfg = BuiltWithUnrealBuildTool|Win32
		{6CBD16DC-0ECC-46F7-9293-8415B393CF7D}.Shipping|Win32.Build.0 = BuiltWithUnrealBuildTool|Win32
		{6CBD16DC-0ECC-46F7-9293-8415B393CF7D}.Shipping|Win64.ActiveCfg = BuiltWithUnrealBuildTool|Win32
		{6CBD16DC-0ECC-46F7-9293-8415B393CF7D}.Shipping|Win64.Build.0 = BuiltWithUnrealBuildTool|Win32
		{321EC297-5494-4521-8252-B98B722D014E}.DebugGame Editor|HTML5.ActiveCfg = HTML5_DebugGame_Editor|Win32
		{321EC297-5494-4521-8252-B98B722D014E}.DebugGame Editor|Win32.ActiveCfg = DebugGame_Editor|Win32
		{321EC297-5494-4521-8252-B98B722D014E}.DebugGame Editor|Win64.ActiveCfg = DebugGame_Editor|x64
		{321EC297-5494-4521-8252-B98B722D014E}.DebugGame Editor|Win64.Build.0 = DebugGame_Editor|x64
		{321EC297-5494-4521-8252-B98B722D014E}.DebugGame|HTML5.ActiveCfg = HTML5_DebugGame_Game|Win32
		{321EC297-5494-4521-8252-B98B722D014E}.DebugGame|HTML5.Build.0 = HTML5_DebugGame_Game|Win32
		{321EC297-5494-4521-8252-B98B722D014E}.DebugGame|Win32.ActiveCfg = DebugGame_Game|Win32
		{321EC297-5494-4521-8252-B98B722D014E}.DebugGame|Win32.Build.0 = DebugGame_Game|Win32
		{321EC297-5494-4521-8252-B98B722D014E}.DebugGame|Win64.ActiveCfg = DebugGame_Game|x64
		{321EC297-5494-4521-8252-B98B722D014E}.DebugGame|Win64.Build.0 = DebugGame_Game|x64
		{321EC297-5494-4521-8252-B98B722D014E}.Development Editor|HTML5.ActiveCfg = HTML5_Development_Editor|Win32
		{321EC297-5494-4521-8252-B98B722D014E}.Development Editor|Win32.ActiveCfg = Development_Editor|Win32
		{321EC297-5494-4521-8252-B98B722D014E}.Development Editor|Win64.ActiveCfg = Development_Editor|x64
		{321EC297-5494-4521-8252-B98B722D014E}.Development Editor|Win64.Build.0 = Development_Editor|x64
		{321EC297-5494-4521-8252-B98B722D014E}.Development|HTML5.ActiveCfg = HTML5_Development_Game|Win32
		{321EC297-5494-4521-8252-B98B722D014E}.Development|HTML5.Build.0 = HTML5_Development_Game|Win32
		{321EC297-5494-4521-8252-B98B722D014E}.Development|Win32.ActiveCfg = Development_Game|Win32
		{321EC297-5494-4521-8252-B98B722D014E}.Development|Win32.Build.0 = Development_Game|Win32
		{321EC297-5494-4521-8252-B98B722D014E}.Development|Win64.ActiveCfg = Development_Game|x64
		{321EC297-5494-4521-8252-B98B722D014E}.Development|Win64.Build.0 = Development_Game|x64
		{321EC297-5494-4521-8252-B98B722D014E}.Shipping|HTML5.ActiveCfg = HTML5_Shipping_Game|Win32
		{321EC297-5494-4521-8252-B98B722D014E}.Shipping|HTML5.Build.0 = HTML5_Shipping_Game|Win32
		{321EC297-5494-4521-8252-B98B722D014E}.Shipping|Win32.ActiveCfg = Shipping_Game|Win32
		{321EC297-5494-4521-8252-B98B722D014E}.Shipping|Win32.Build.0 = Shipping_Game|Win32
		{321EC297-5494-4521-8252-B98B722D014E}.Shipping|Win64.ActiveCfg = Shipping_Game|x64
		{321EC297-5494-4521-8252-B98B722D014E}.Shipping|Win64.Build.0 = Shipping_Game|x64
	EndGlobalSection
	GlobalSection(SolutionProperties) = preSolution
		HideSolutionNode = FALSE
	EndGlobalSection
	GlobalSection(NestedProjects) = preSolution
		{912F1567-1EC4-480A-942D-9DFDF98B8C9C} = {2F571FB3-44B3-48F5-A533-210E12624B8C}
		{4841CD0A-549A-4309-BB1F-D5F98CF7C359} = {5425CCFD-C8F8-4027-B838-8193273A12DA}
	EndGlobalSection
	GlobalSection(ExtensibilityGlobals) = postSolution
		SolutionGuid = {B6AB91BD-8800-46C8-9F5B-08FEE6B80130}
	EndGlobalSection
EndGlobal
